
Microsoft Visual Studio Solution File, Format Version 12.00
# Visual Studio Version 17
VisualStudioVersion = 17.9.34728.123
MinimumVisualStudioVersion = 10.0.40219.1
Project("{9A19103F-16F7-4668-BE54-9A1E7A4F7556}") = "ConsoleAppCore", "ConsoleAppCore\ConsoleAppCore.csproj", "{69247714-75CB-428D-8B39-46A7F7744774}"
EndProject
Project("{FAE04EC0-301F-11D3-BF4B-00C04F79EFBC}") = "ConsoleAppFramework", "ConsoleAppFramework\ConsoleAppFramework.csproj", "{890FC62B-DEE3-47E8-BB87-4CAC8ED9E1B0}"
EndProject
Global
	GlobalSection(SolutionConfigurationPlatforms) = preSolution
		Debug|Any CPU = Debug|Any CPU
		Release|Any CPU = Release|Any CPU
	EndGlobalSection
	GlobalSection(ProjectConfigurationPlatforms) = postSolution
		{69247714-75CB-428D-8B39-46A7F7744774}.Debug|Any CPU.ActiveCfg = Debug|Any CPU
		{69247714-75CB-428D-8B39-46A7F7744774}.Debug|Any CPU.Build.0 = Debug|Any CPU
		{69247714-75CB-428D-8B39-46A7F7744774}.Release|Any CPU.ActiveCfg = Release|Any CPU
		{69247714-75CB-428D-8B39-46A7F7744774}.Release|Any CPU.Build.0 = Release|Any CPU
		{890FC62B-DEE3-47E8-BB87-4CAC8ED9E1B0}.Debug|Any CPU.ActiveCfg = Debug|Any CPU
		{890FC62B-DEE3-47E8-BB87-4CAC8ED9E1B0}.Debug|Any CPU.Build.0 = Debug|Any CPU
		{890FC62B-DEE3-47E8-BB87-4CAC8ED9E1B0}.Release|Any CPU.ActiveCfg = Release|Any CPU
		{890FC62B-DEE3-47E8-BB87-4CAC8ED9E1B0}.Release|Any CPU.Build.0 = Release|Any CPU
	EndGlobalSection
	GlobalSection(SolutionProperties) = preSolution
		HideSolutionNode = FALSE
	EndGlobalSection
	GlobalSection(ExtensibilityGlobals) = postSolution
		SolutionGuid = {888D124B-29AD-4696-948A-A9DF0776FB2F}
	EndGlobalSection
EndGlobal
